{
  "version": 4,
  "terraform_version": "1.5.4",
  "serial": 96,
  "lineage": "9330ea58-db3c-ace4-9b90-245130329c0e",
  "outputs": {},
  "resources": [
    {
      "mode": "managed",
      "type": "aws_subnet",
      "name": "dev_subnet",
      "provider": "provider[\"registry.terraform.io/hashicorp/aws\"]",
      "instances": [
        {
          "schema_version": 1,
          "attributes": {
            "arn": "arn:aws:ec2:us-west-2:763523978678:subnet/subnet-074d782e9b1f643c6",
            "assign_ipv6_address_on_creation": false,
            "availability_zone": "us-west-2b",
            "availability_zone_id": "usw2-az2",
            "cidr_block": "10.0.0.0/16",
            "customer_owned_ipv4_pool": "",
            "enable_dns64": false,
            "enable_lni_at_device_index": 0,
            "enable_resource_name_dns_a_record_on_launch": false,
            "enable_resource_name_dns_aaaa_record_on_launch": false,
            "id": "subnet-074d782e9b1f643c6",
            "ipv6_cidr_block": "",
            "ipv6_cidr_block_association_id": "",
            "ipv6_native": false,
            "map_customer_owned_ip_on_launch": false,
            "map_public_ip_on_launch": false,
            "outpost_arn": "",
            "owner_id": "763523978678",
            "private_dns_hostname_type_on_launch": "ip-name",
            "tags": {
              "Name": "dev_subnet"
            },
            "tags_all": {
              "Name": "dev_subnet"
            },
            "timeouts": null,
            "vpc_id": "vpc-05cd6a9486de70b46"
          },
          "sensitive_attributes": [],
          "private": "eyJlMmJmYjczMC1lY2FhLTExZTYtOGY4OC0zNDM2M2JjN2M0YzAiOnsiY3JlYXRlIjo2MDAwMDAwMDAwMDAsImRlbGV0ZSI6MTIwMDAwMDAwMDAwMH0sInNjaGVtYV92ZXJzaW9uIjoiMSJ9",
          "dependencies": [
            "aws_vpc.vpc_dev"
          ]
        }
      ]
    },
    {
      "mode": "managed",
      "type": "aws_vpc",
      "name": "vpc_dev",
      "provider": "provider[\"registry.terraform.io/hashicorp/aws\"]",
      "instances": [
        {
          "schema_version": 1,
          "attributes": {
            "arn": "arn:aws:ec2:us-west-2:763523978678:vpc/vpc-05cd6a9486de70b46",
            "assign_generated_ipv6_cidr_block": false,
            "cidr_block": "10.0.0.0/16",
            "default_network_acl_id": "acl-0babf083c038067dd",
            "default_route_table_id": "rtb-041acdae7a0bb09c7",
            "default_security_group_id": "sg-01ad44a34474298fc",
            "dhcp_options_id": "dopt-086d3e5999e1a605b",
            "enable_dns_hostnames": true,
            "enable_dns_support": true,
            "enable_network_address_usage_metrics": false,
            "id": "vpc-05cd6a9486de70b46",
            "instance_tenancy": "default",
            "ipv4_ipam_pool_id": null,
            "ipv4_netmask_length": null,
            "ipv6_association_id": "",
            "ipv6_cidr_block": "",
            "ipv6_cidr_block_network_border_group": "",
            "ipv6_ipam_pool_id": "",
            "ipv6_netmask_length": 0,
            "main_route_table_id": "rtb-041acdae7a0bb09c7",
            "owner_id": "763523978678",
            "tags": {
              "Name": "DEV"
            },
            "tags_all": {
              "Name": "DEV"
            }
          },
          "sensitive_attributes": [],
          "private": "eyJzY2hlbWFfdmVyc2lvbiI6IjEifQ=="
        }
      ]
    },
    {
      "mode": "managed",
      "type": "aws_vpc",
      "name": "vpc_prod",
      "provider": "provider[\"registry.terraform.io/hashicorp/aws\"]",
      "instances": [
        {
          "schema_version": 1,
          "attributes": {
            "arn": "arn:aws:ec2:us-west-2:763523978678:vpc/vpc-02d0f0784e315d2e0",
            "assign_generated_ipv6_cidr_block": false,
            "cidr_block": "10.0.0.0/28",
            "default_network_acl_id": "acl-0b6b31035bb2cfdf8",
            "default_route_table_id": "rtb-01ba49b6c9980b455",
            "default_security_group_id": "sg-0af056d65192fcf40",
            "dhcp_options_id": "dopt-086d3e5999e1a605b",
            "enable_dns_hostnames": true,
            "enable_dns_support": true,
            "enable_network_address_usage_metrics": false,
            "id": "vpc-02d0f0784e315d2e0",
            "instance_tenancy": "default",
            "ipv4_ipam_pool_id": null,
            "ipv4_netmask_length": null,
            "ipv6_association_id": "",
            "ipv6_cidr_block": "",
            "ipv6_cidr_block_network_border_group": "",
            "ipv6_ipam_pool_id": "",
            "ipv6_netmask_length": 0,
            "main_route_table_id": "rtb-01ba49b6c9980b455",
            "owner_id": "763523978678",
            "tags": {
              "Name": "PROD"
            },
            "tags_all": {
              "Name": "PROD"
            }
          },
          "sensitive_attributes": [],
          "private": "eyJzY2hlbWFfdmVyc2lvbiI6IjEifQ=="
        }
      ]
    },
    {
      "mode": "managed",
      "type": "aws_vpc",
      "name": "vpc_qa",
      "provider": "provider[\"registry.terraform.io/hashicorp/aws\"]",
      "instances": [
        {
          "schema_version": 1,
          "attributes": {
            "arn": "arn:aws:ec2:us-west-2:763523978678:vpc/vpc-07d336834ab74be28",
            "assign_generated_ipv6_cidr_block": false,
            "cidr_block": "10.0.2.0/24",
            "default_network_acl_id": "acl-0332658be395b2642",
            "default_route_table_id": "rtb-08ca88e7bfeef1547",
            "default_security_group_id": "sg-0868920f152156b66",
            "dhcp_options_id": "dopt-086d3e5999e1a605b",
            "enable_dns_hostnames": true,
            "enable_dns_support": true,
            "enable_network_address_usage_metrics": false,
            "id": "vpc-07d336834ab74be28",
            "instance_tenancy": "default",
            "ipv4_ipam_pool_id": null,
            "ipv4_netmask_length": null,
            "ipv6_association_id": "",
            "ipv6_cidr_block": "",
            "ipv6_cidr_block_network_border_group": "",
            "ipv6_ipam_pool_id": "",
            "ipv6_netmask_length": 0,
            "main_route_table_id": "rtb-08ca88e7bfeef1547",
            "owner_id": "763523978678",
            "tags": {
              "Name": "QA"
            },
            "tags_all": {
              "Name": "QA"
            }
          },
          "sensitive_attributes": [],
          "private": "eyJzY2hlbWFfdmVyc2lvbiI6IjEifQ=="
        }
      ]
    }
  ],
  "check_results": null
}
